<?xml version="1.0" encoding="utf-8"?>
<Project ToolsVersion="4.0" xmlns="http://schemas.microsoft.com/developer/msbuild/2003">
  <ItemGroup>
    <Filter Include="Source Files">
      <UniqueIdentifier>{4FC737F1-C7A5-4376-A066-2A32D752A2FF}</UniqueIdentifier>
      <Extensions>cpp;c;cc;cxx;def;odl;idl;hpj;bat;asm;asmx</Extensions>
    </Filter>
    <Filter Include="Header Files">
      <UniqueIdentifier>{93995380-89BD-4b04-88EB-625FBE52EBFB}</UniqueIdentifier>
      <Extensions>h;hh;hpp;hxx;hm;inl;inc;ipp;xsd</Extensions>
    </Filter>
    <Filter Include="Header Files\System">
      <UniqueIdentifier>{0d1459ec-8048-420e-a19c-b52ac52e467a}</UniqueIdentifier>
    </Filter>
    <Filter Include="Resource Files">
      <UniqueIdentifier>{67DA6AB6-F800-4c08-8B7A-83BB121AAD01}</UniqueIdentifier>
      <Extensions>rc;ico;cur;bmp;dlg;rc2;rct;bin;rgs;gif;jpg;jpeg;jpe;resx;tiff;tif;png;wav;mfcribbon-ms</Extensions>
    </Filter>
    <Filter Include="Header Files\Core">
      <UniqueIdentifier>{664c6efc-84b9-47e2-a4fa-92f00267dde9}</UniqueIdentifier>
    </Filter>
    <Filter Include="Source Files\Core">
      <UniqueIdentifier>{0163ca65-59c1-4077-8040-7bc43ec94a17}</UniqueIdentifier>
    </Filter>
    <Filter Include="Source Files\EventArgs">
      <UniqueIdentifier>{77982bf6-eb90-4dbb-a19b-c941d18915b8}</UniqueIdentifier>
    </Filter>
    <Filter Include="Header Files\EventArgs">
      <UniqueIdentifier>{9237ede3-a5bf-48c3-a1f3-b105d1f2b907}</UniqueIdentifier>
    </Filter>
    <Filter Include="Header Files\COM">
      <UniqueIdentifier>{7aa8110b-e094-48fb-a275-1ef32159436a}</UniqueIdentifier>
    </Filter>
  </ItemGroup>
  <ItemGroup>
    <ClInclude Include="NDefines.h">
      <Filter>Header Files\System</Filter>
    </ClInclude>
    <ClInclude Include="NRegistry.h">
      <Filter>Header Files\Core</Filter>
    </ClInclude>
    <ClInclude Include="NObject.h">
      <Filter>Header Files\Core</Filter>
    </ClInclude>
    <ClInclude Include="NLib.h">
      <Filter>Header Files\Core</Filter>
    </ClInclude>
    <ClInclude Include="NEventArgs.h">
      <Filter>Header Files\EventArgs</Filter>
    </ClInclude>
    <ClInclude Include="NGeneratorArgs.h">
      <Filter>Header Files\EventArgs</Filter>
    </ClInclude>
    <ClInclude Include="NGenerator.h">
      <Filter>Header Files\Core</Filter>
    </ClInclude>
    <ClInclude Include="NLogicalBound.h">
      <Filter>Header Files\Core</Filter>
    </ClInclude>
    <ClInclude Include="NRelease.h">
      <Filter>Header Files\COM</Filter>
    </ClInclude>
    <ClInclude Include="NWindows.h">
      <Filter>Header Files\System</Filter>
    </ClInclude>
    <ClInclude Include="NAsyncWorker.h">
      <Filter>Header Files\Core</Filter>
    </ClInclude>
    <ClInclude Include="NAsyncArgs.h">
      <Filter>Header Files\EventArgs</Filter>
    </ClInclude>
  </ItemGroup>
  <ItemGroup>
    <ClCompile Include="NRegistry.cpp">
      <Filter>Source Files\Core</Filter>
    </ClCompile>
    <ClCompile Include="NObject.cpp">
      <Filter>Source Files\Core</Filter>
    </ClCompile>
    <ClCompile Include="NEventArgs.cpp">
      <Filter>Source Files\EventArgs</Filter>
    </ClCompile>
    <ClCompile Include="NLogicalBound.cpp">
      <Filter>Source Files\Core</Filter>
    </ClCompile>
    <ClCompile Include="NAsyncWorker.cpp">
      <Filter>Source Files\Core</Filter>
    </ClCompile>
    <ClCompile Include="NAsyncArgs.cpp">
      <Filter>Source Files\EventArgs</Filter>
    </ClCompile>
  </ItemGroup>
</Project>