<?xml version="1.0" encoding="utf-8"?>
<Project ToolsVersion="4.0" xmlns="http://schemas.microsoft.com/developer/msbuild/2003">
  <ItemGroup>
    <Filter Include="Header Files">
      <UniqueIdentifier>{eb8afaa5-e39f-4631-8e9a-3990d6c4dbb3}</UniqueIdentifier>
    </Filter>
    <Filter Include="Header Files\COM">
      <UniqueIdentifier>{1a802e3c-e609-4109-aabc-2799ef6a1ed5}</UniqueIdentifier>
    </Filter>
    <Filter Include="Header Files\Core">
      <UniqueIdentifier>{8d75a89b-a870-414e-ac87-94579a6fb548}</UniqueIdentifier>
    </Filter>
    <Filter Include="Header Files\EventArgs">
      <UniqueIdentifier>{3816592e-0724-4a31-9db3-06269b8d4822}</UniqueIdentifier>
    </Filter>
    <Filter Include="Header Files\System">
      <UniqueIdentifier>{6062083a-b321-4d47-8431-2eaf4b318492}</UniqueIdentifier>
    </Filter>
    <Filter Include="Header Files\Utility">
      <UniqueIdentifier>{fadcf84f-8e49-4cd9-9f6a-39bde0933c58}</UniqueIdentifier>
    </Filter>
    <Filter Include="Source Files">
      <UniqueIdentifier>{c74b2721-ecb2-4ae2-b717-6aa86c44fabe}</UniqueIdentifier>
    </Filter>
    <Filter Include="Source Files\Core">
      <UniqueIdentifier>{f361c40a-e656-4915-97f1-af3e066dc4b9}</UniqueIdentifier>
    </Filter>
    <Filter Include="Source Files\EventArgs">
      <UniqueIdentifier>{875200b1-4018-4654-8a6d-7f5e1c2aacfc}</UniqueIdentifier>
    </Filter>
    <Filter Include="Source Files\Utility">
      <UniqueIdentifier>{8a0b91ae-5494-442f-8eb9-ff71d551d11f}</UniqueIdentifier>
    </Filter>
    <Filter Include="Ease of Access Header Files">
      <UniqueIdentifier>{19a6e94a-1a9a-4e1d-ae97-fa2518928626}</UniqueIdentifier>
    </Filter>
  </ItemGroup>
  <ItemGroup>
    <ClInclude Include="NLib.h">
      <Filter>Ease of Access Header Files</Filter>
    </ClInclude>
    <ClInclude Include="NRelease.h">
      <Filter>Header Files\COM</Filter>
    </ClInclude>
    <ClInclude Include="NLogicalBound.h">
      <Filter>Header Files\Core</Filter>
    </ClInclude>
    <ClInclude Include="NAudio.h">
      <Filter>Header Files\Core</Filter>
    </ClInclude>
    <ClInclude Include="NRegistry.h">
      <Filter>Header Files\Core</Filter>
    </ClInclude>
    <ClInclude Include="NAsyncWorker.h">
      <Filter>Header Files\Core</Filter>
    </ClInclude>
    <ClInclude Include="NGenerator.h">
      <Filter>Header Files\Core</Filter>
    </ClInclude>
    <ClInclude Include="NObject.h">
      <Filter>Header Files\Core</Filter>
    </ClInclude>
    <ClInclude Include="NAsyncArgs.h">
      <Filter>Header Files\EventArgs</Filter>
    </ClInclude>
    <ClInclude Include="NEventArgs.h">
      <Filter>Header Files\EventArgs</Filter>
    </ClInclude>
    <ClInclude Include="NDefines.h">
      <Filter>Header Files\System</Filter>
    </ClInclude>
    <ClInclude Include="NMCILinkage.h">
      <Filter>Header Files\System</Filter>
    </ClInclude>
    <ClInclude Include="NWindows.h">
      <Filter>Header Files\System</Filter>
    </ClInclude>
    <ClInclude Include="NFile.h">
      <Filter>Header Files\Utility</Filter>
    </ClInclude>
    <ClInclude Include="NString.h">
      <Filter>Header Files\Utility</Filter>
    </ClInclude>
    <ClInclude Include="NBigInt.h">
      <Filter>Header Files\Utility</Filter>
    </ClInclude>
    <ClInclude Include="NPerfectChance.h">
      <Filter>Header Files\Utility</Filter>
    </ClInclude>
    <ClInclude Include="NFunctions.h">
      <Filter>Header Files\Utility</Filter>
    </ClInclude>
  </ItemGroup>
  <ItemGroup>
    <ClCompile Include="NRegistry.cpp">
      <Filter>Source Files\Core</Filter>
    </ClCompile>
    <ClCompile Include="NObject.cpp">
      <Filter>Source Files\Core</Filter>
    </ClCompile>
    <ClCompile Include="NLogicalBound.cpp">
      <Filter>Source Files\Core</Filter>
    </ClCompile>
    <ClCompile Include="NAudio.cpp">
      <Filter>Source Files\Core</Filter>
    </ClCompile>
    <ClCompile Include="NAsyncWorker.cpp">
      <Filter>Source Files\Core</Filter>
    </ClCompile>
    <ClCompile Include="NAsyncArgs.cpp">
      <Filter>Source Files\EventArgs</Filter>
    </ClCompile>
    <ClCompile Include="NEventArgs.cpp">
      <Filter>Source Files\EventArgs</Filter>
    </ClCompile>
    <ClCompile Include="NFile.cpp">
      <Filter>Source Files\Utility</Filter>
    </ClCompile>
    <ClCompile Include="NString.cpp">
      <Filter>Source Files\Utility</Filter>
    </ClCompile>
    <ClCompile Include="NBigInt.cpp">
      <Filter>Source Files\Utility</Filter>
    </ClCompile>
    <ClCompile Include="NGenerator.cpp">
      <Filter>Source Files\Core</Filter>
    </ClCompile>
    <ClCompile Include="NPerfectChance.cpp">
      <Filter>Source Files\Utility</Filter>
    </ClCompile>
  </ItemGroup>
  <ItemGroup>
    <None Include="NLib">
      <Filter>Ease of Access Header Files</Filter>
    </None>
  </ItemGroup>
</Project>